
Microsoft Visual Studio Solution File, Format Version 12.00
# Visual Studio Version 17
VisualStudioVersion = 17.0.31903.59
MinimumVisualStudioVersion = 10.0.40219.1
Project("{2150E333-8FDC-42A3-9474-1A3956D46DE8}") = "src", "src", "{351EBEB5-A034-4635-8FC1-582F79E1B15C}"
	ProjectSection(SolutionItems) = preProject
		src\Directory.Build.props = src\Directory.Build.props
		src\Directory.Packages.props = src\Directory.Packages.props
	EndProjectSection
EndProject
Project("{FAE04EC0-301F-11D3-BF4B-00C04F79EFBC}") = "CompositeKey", "src\CompositeKey\CompositeKey.csproj", "{39F083DE-6115-4857-96D0-B774FC3D887D}"
EndProject
Project("{FAE04EC0-301F-11D3-BF4B-00C04F79EFBC}") = "CompositeKey.SourceGeneration", "src\CompositeKey.SourceGeneration\CompositeKey.SourceGeneration.csproj", "{DA9DCD74-65E9-4106-A2F8-F8E955E372DE}"
EndProject
Project("{2150E333-8FDC-42A3-9474-1A3956D46DE8}") = "tests", "tests", "{AB14EBD1-8702-492E-BB4E-FBCE7C486D65}"
EndProject
Project("{FAE04EC0-301F-11D3-BF4B-00C04F79EFBC}") = "CompositeKey.SourceGeneration.UnitTests", "src\CompositeKey.SourceGeneration.UnitTests\CompositeKey.SourceGeneration.UnitTests.csproj", "{A0A6970F-80C3-4ACE-83E7-8414CC12724A}"
EndProject
Project("{FAE04EC0-301F-11D3-BF4B-00C04F79EFBC}") = "CompositeKey.SourceGeneration.FunctionalTests", "src\CompositeKey.SourceGeneration.FunctionalTests\CompositeKey.SourceGeneration.FunctionalTests.csproj", "{72B1B24B-13CD-4F58-8D12-1D18FA5D22F7}"
EndProject
Global
	GlobalSection(SolutionConfigurationPlatforms) = preSolution
		Debug|Any CPU = Debug|Any CPU
		Release|Any CPU = Release|Any CPU
	EndGlobalSection
	GlobalSection(SolutionProperties) = preSolution
		HideSolutionNode = FALSE
	EndGlobalSection
	GlobalSection(NestedProjects) = preSolution
		{39F083DE-6115-4857-96D0-B774FC3D887D} = {351EBEB5-A034-4635-8FC1-582F79E1B15C}
		{DA9DCD74-65E9-4106-A2F8-F8E955E372DE} = {351EBEB5-A034-4635-8FC1-582F79E1B15C}
		{A0A6970F-80C3-4ACE-83E7-8414CC12724A} = {AB14EBD1-8702-492E-BB4E-FBCE7C486D65}
		{72B1B24B-13CD-4F58-8D12-1D18FA5D22F7} = {AB14EBD1-8702-492E-BB4E-FBCE7C486D65}
	EndGlobalSection
	GlobalSection(ProjectConfigurationPlatforms) = postSolution
		{39F083DE-6115-4857-96D0-B774FC3D887D}.Debug|Any CPU.ActiveCfg = Debug|Any CPU
		{39F083DE-6115-4857-96D0-B774FC3D887D}.Debug|Any CPU.Build.0 = Debug|Any CPU
		{39F083DE-6115-4857-96D0-B774FC3D887D}.Release|Any CPU.ActiveCfg = Release|Any CPU
		{39F083DE-6115-4857-96D0-B774FC3D887D}.Release|Any CPU.Build.0 = Release|Any CPU
		{DA9DCD74-65E9-4106-A2F8-F8E955E372DE}.Debug|Any CPU.ActiveCfg = Debug|Any CPU
		{DA9DCD74-65E9-4106-A2F8-F8E955E372DE}.Debug|Any CPU.Build.0 = Debug|Any CPU
		{DA9DCD74-65E9-4106-A2F8-F8E955E372DE}.Release|Any CPU.ActiveCfg = Release|Any CPU
		{DA9DCD74-65E9-4106-A2F8-F8E955E372DE}.Release|Any CPU.Build.0 = Release|Any CPU
		{A0A6970F-80C3-4ACE-83E7-8414CC12724A}.Debug|Any CPU.ActiveCfg = Debug|Any CPU
		{A0A6970F-80C3-4ACE-83E7-8414CC12724A}.Debug|Any CPU.Build.0 = Debug|Any CPU
		{A0A6970F-80C3-4ACE-83E7-8414CC12724A}.Release|Any CPU.ActiveCfg = Release|Any CPU
		{A0A6970F-80C3-4ACE-83E7-8414CC12724A}.Release|Any CPU.Build.0 = Release|Any CPU
		{72B1B24B-13CD-4F58-8D12-1D18FA5D22F7}.Debug|Any CPU.ActiveCfg = Debug|Any CPU
		{72B1B24B-13CD-4F58-8D12-1D18FA5D22F7}.Debug|Any CPU.Build.0 = Debug|Any CPU
		{72B1B24B-13CD-4F58-8D12-1D18FA5D22F7}.Release|Any CPU.ActiveCfg = Release|Any CPU
		{72B1B24B-13CD-4F58-8D12-1D18FA5D22F7}.Release|Any CPU.Build.0 = Release|Any CPU
	EndGlobalSection
EndGlobal
